
Microsoft Visual Studio Solution File, Format Version 12.00
# Visual Studio Version 16
VisualStudioVersion = 16.0.31025.194
MinimumVisualStudioVersion = 10.0.40219.1
Project("{FAE04EC0-301F-11D3-BF4B-00C04F79EFBC}") = "calculator", "calculator\calculator.csproj", "{456E96E0-702E-484D-ABAA-EBA98D3C0B89}"
EndProject
Global
	GlobalSection(SolutionConfigurationPlatforms) = preSolution
		Debug|Any CPU = Debug|Any CPU
		Release|Any CPU = Release|Any CPU
	EndGlobalSection
	GlobalSection(ProjectConfigurationPlatforms) = postSolution
		{456E96E0-702E-484D-ABAA-EBA98D3C0B89}.Debug|Any CPU.ActiveCfg = Debug|Any CPU
		{456E96E0-702E-484D-ABAA-EBA98D3C0B89}.Debug|Any CPU.Build.0 = Debug|Any CPU
		{456E96E0-702E-484D-ABAA-EBA98D3C0B89}.Release|Any CPU.ActiveCfg = Release|Any CPU
		{456E96E0-702E-484D-ABAA-EBA98D3C0B89}.Release|Any CPU.Build.0 = Release|Any CPU
	EndGlobalSection
	GlobalSection(SolutionProperties) = preSolution
		HideSolutionNode = FALSE
	EndGlobalSection
	GlobalSection(ExtensibilityGlobals) = postSolution
		SolutionGuid = {576F6C2C-AD08-4BD9-9EE3-29B26744ECA1}
	EndGlobalSection
EndGlobal
